
Microsoft Visual Studio Solution File, Format Version 12.00
# Visual Studio 2013
VisualStudioVersion = 12.0.31101.0
MinimumVisualStudioVersion = 10.0.40219.1
Project("{FAE04EC0-301F-11D3-BF4B-00C04F79EFBC}") = "ITCompCatalogueApp", "ITCompCatalogueApp\ITCompCatalogueApp.csproj", "{546D2C0A-3AB8-40DB-9CE1-68B93F5A4F25}"
EndProject
Project("{6141683F-8A12-4E36-9623-2EB02B2C2303}") = "CatalogueInstaller", "CatalogueInstaller\CatalogueInstaller.isproj", "{590B833C-A876-486E-87E7-F62134C64DA3}"
EndProject
Global
	GlobalSection(SolutionConfigurationPlatforms) = preSolution
		CD_ROM|Any CPU = CD_ROM|Any CPU
		Debug|Any CPU = Debug|Any CPU
		DVD-5|Any CPU = DVD-5|Any CPU
		Release|Any CPU = Release|Any CPU
		SingleImage|Any CPU = SingleImage|Any CPU
	EndGlobalSection
	GlobalSection(ProjectConfigurationPlatforms) = postSolution
		{546D2C0A-3AB8-40DB-9CE1-68B93F5A4F25}.CD_ROM|Any CPU.ActiveCfg = Release|Any CPU
		{546D2C0A-3AB8-40DB-9CE1-68B93F5A4F25}.CD_ROM|Any CPU.Build.0 = Release|Any CPU
		{546D2C0A-3AB8-40DB-9CE1-68B93F5A4F25}.Debug|Any CPU.ActiveCfg = Debug|Any CPU
		{546D2C0A-3AB8-40DB-9CE1-68B93F5A4F25}.Debug|Any CPU.Build.0 = Debug|Any CPU
		{546D2C0A-3AB8-40DB-9CE1-68B93F5A4F25}.DVD-5|Any CPU.ActiveCfg = Debug|Any CPU
		{546D2C0A-3AB8-40DB-9CE1-68B93F5A4F25}.DVD-5|Any CPU.Build.0 = Debug|Any CPU
		{546D2C0A-3AB8-40DB-9CE1-68B93F5A4F25}.Release|Any CPU.ActiveCfg = Release|Any CPU
		{546D2C0A-3AB8-40DB-9CE1-68B93F5A4F25}.Release|Any CPU.Build.0 = Release|Any CPU
		{546D2C0A-3AB8-40DB-9CE1-68B93F5A4F25}.SingleImage|Any CPU.ActiveCfg = Release|Any CPU
		{546D2C0A-3AB8-40DB-9CE1-68B93F5A4F25}.SingleImage|Any CPU.Build.0 = Release|Any CPU
		{590B833C-A876-486E-87E7-F62134C64DA3}.CD_ROM|Any CPU.ActiveCfg = CD_ROM
		{590B833C-A876-486E-87E7-F62134C64DA3}.CD_ROM|Any CPU.Build.0 = CD_ROM
		{590B833C-A876-486E-87E7-F62134C64DA3}.Debug|Any CPU.ActiveCfg = DVD-5
		{590B833C-A876-486E-87E7-F62134C64DA3}.Debug|Any CPU.Build.0 = DVD-5
		{590B833C-A876-486E-87E7-F62134C64DA3}.DVD-5|Any CPU.ActiveCfg = DVD-5
		{590B833C-A876-486E-87E7-F62134C64DA3}.DVD-5|Any CPU.Build.0 = DVD-5
		{590B833C-A876-486E-87E7-F62134C64DA3}.Release|Any CPU.ActiveCfg = SingleImage
		{590B833C-A876-486E-87E7-F62134C64DA3}.Release|Any CPU.Build.0 = SingleImage
		{590B833C-A876-486E-87E7-F62134C64DA3}.SingleImage|Any CPU.ActiveCfg = SingleImage
		{590B833C-A876-486E-87E7-F62134C64DA3}.SingleImage|Any CPU.Build.0 = SingleImage
	EndGlobalSection
	GlobalSection(SolutionProperties) = preSolution
		HideSolutionNode = FALSE
	EndGlobalSection
EndGlobal
